// !$*UTF8*$!
{
	archiveVersion = 1;
	classes = {
	};
	objectVersion = 50;
	objects = {

/* Begin PBXBuildFile section */
		470FB2AA2435CA56008CABC2 /* AppDelegate.swift in Sources */ = {isa = PBXBuildFile; fileRef = 470FB2A92435CA56008CABC2 /* AppDelegate.swift */; };
		470FB2AC2435CA56008CABC2 /* SceneDelegate.swift in Sources */ = {isa = PBXBuildFile; fileRef = 470FB2AB2435CA56008CABC2 /* SceneDelegate.swift */; };
		470FB2AE2435CA56008CABC2 /* ContentView.swift in Sources */ = {isa = PBXBuildFile; fileRef = 470FB2AD2435CA56008CABC2 /* ContentView.swift */; };
		470FB2B02435CA57008CABC2 /* Assets.xcassets in Resources */ = {isa = PBXBuildFile; fileRef = 470FB2AF2435CA57008CABC2 /* Assets.xcassets */; };
		470FB2B32435CA57008CABC2 /* Preview Assets.xcassets in Resources */ = {isa = PBXBuildFile; fileRef = 470FB2B22435CA57008CABC2 /* Preview Assets.xcassets */; };
		470FB2B62435CA57008CABC2 /* LaunchScreen.storyboard in Resources */ = {isa = PBXBuildFile; fileRef = 470FB2B42435CA57008CABC2 /* LaunchScreen.storyboard */; };
		470FB2BE2435CBA2008CABC2 /* AppsFlyerLib.framework in Frameworks */ = {isa = PBXBuildFile; fileRef = 470FB2BD2435CBA2008CABC2 /* AppsFlyerLib.framework */; };
		470FB2C12435CC04008CABC2 /* AdSupport.framework in Frameworks */ = {isa = PBXBuildFile; fileRef = 470FB2C02435CC04008CABC2 /* AdSupport.framework */; };
		470FB2C32435CC09008CABC2 /* iAd.framework in Frameworks */ = {isa = PBXBuildFile; fileRef = 470FB2C22435CC09008CABC2 /* iAd.framework */; };
		47DF08522439DE4100E628CD /* AdCustomTracker.swift in Sources */ = {isa = PBXBuildFile; fileRef = 47DF08512439DE4100E628CD /* AdCustomTracker.swift */; };
/* End PBXBuildFile section */

/* Begin PBXFileReference section */
		470FB2A62435CA56008CABC2 /* kite.app */ = {isa = PBXFileReference; explicitFileType = wrapper.application; includeInIndex = 0; path = kite.app; sourceTree = BUILT_PRODUCTS_DIR; };
		470FB2A92435CA56008CABC2 /* AppDelegate.swift */ = {isa = PBXFileReference; lastKnownFileType = sourcecode.swift; path = AppDelegate.swift; sourceTree = "<group>"; };
		470FB2AB2435CA56008CABC2 /* SceneDelegate.swift */ = {isa = PBXFileReference; lastKnownFileType = sourcecode.swift; path = SceneDelegate.swift; sourceTree = "<group>"; };
		470FB2AD2435CA56008CABC2 /* ContentView.swift */ = {isa = PBXFileReference; lastKnownFileType = sourcecode.swift; path = ContentView.swift; sourceTree = "<group>"; };
		470FB2AF2435CA57008CABC2 /* Assets.xcassets */ = {isa = PBXFileReference; lastKnownFileType = folder.assetcatalog; path = Assets.xcassets; sourceTree = "<group>"; };
		470FB2B22435CA57008CABC2 /* Preview Assets.xcassets */ = {isa = PBXFileReference; lastKnownFileType = folder.assetcatalog; path = "Preview Assets.xcassets"; sourceTree = "<group>"; };
		470FB2B52435CA57008CABC2 /* Base */ = {isa = PBXFileReference; lastKnownFileType = file.storyboard; name = Base; path = Base.lproj/LaunchScreen.storyboard; sourceTree = "<group>"; };
		470FB2B72435CA57008CABC2 /* Info.plist */ = {isa = PBXFileReference; lastKnownFileType = text.plist.xml; path = Info.plist; sourceTree = "<group>"; };
		470FB2BD2435CBA2008CABC2 /* AppsFlyerLib.framework */ = {isa = PBXFileReference; lastKnownFileType = wrapper.framework; path = AppsFlyerLib.framework; sourceTree = "<group>"; };
		470FB2C02435CC04008CABC2 /* AdSupport.framework */ = {isa = PBXFileReference; lastKnownFileType = wrapper.framework; name = AdSupport.framework; path = System/Library/Frameworks/AdSupport.framework; sourceTree = SDKROOT; };
		470FB2C22435CC09008CABC2 /* iAd.framework */ = {isa = PBXFileReference; lastKnownFileType = wrapper.framework; name = iAd.framework; path = System/Library/Frameworks/iAd.framework; sourceTree = SDKROOT; };
		47DF08512439DE4100E628CD /* AdCustomTracker.swift */ = {isa = PBXFileReference; lastKnownFileType = sourcecode.swift; path = AdCustomTracker.swift; sourceTree = "<group>"; };
/* End PBXFileReference section */

/* Begin PBXFrameworksBuildPhase section */
		470FB2A32435CA56008CABC2 /* Frameworks */ = {
			isa = PBXFrameworksBuildPhase;
			buildActionMask = 2147483647;
			files = (
				470FB2C32435CC09008CABC2 /* iAd.framework in Frameworks */,
				470FB2BE2435CBA2008CABC2 /* AppsFlyerLib.framework in Frameworks */,
				470FB2C12435CC04008CABC2 /* AdSupport.framework in Frameworks */,
			);
			runOnlyForDeploymentPostprocessing = 0;
		};
/* End PBXFrameworksBuildPhase section */

/* Begin PBXGroup section */
		470FB29D2435CA56008CABC2 = {
			isa = PBXGroup;
			children = (
				470FB2A82435CA56008CABC2 /* kite */,
				470FB2A72435CA56008CABC2 /* Products */,
				470FB2BD2435CBA2008CABC2 /* AppsFlyerLib.framework */,
				470FB2BF2435CC04008CABC2 /* Frameworks */,
			);
			sourceTree = "<group>";
		};
		470FB2A72435CA56008CABC2 /* Products */ = {
			isa = PBXGroup;
			children = (
				470FB2A62435CA56008CABC2 /* kite.app */,
			);
			name = Products;
			sourceTree = "<group>";
		};
		470FB2A82435CA56008CABC2 /* kite */ = {
			isa = PBXGroup;
			children = (
				47DF08512439DE4100E628CD /* AdCustomTracker.swift */,
				470FB2A92435CA56008CABC2 /* AppDelegate.swift */,
				470FB2AB2435CA56008CABC2 /* SceneDelegate.swift */,
				470FB2AD2435CA56008CABC2 /* ContentView.swift */,
				470FB2AF2435CA57008CABC2 /* Assets.xcassets */,
				470FB2B42435CA57008CABC2 /* LaunchScreen.storyboard */,
				470FB2B72435CA57008CABC2 /* Info.plist */,
				470FB2B12435CA57008CABC2 /* Preview Content */,
			);
			path = kite;
			sourceTree = "<group>";
		};
		470FB2B12435CA57008CABC2 /* Preview Content */ = {
			isa = PBXGroup;
			children = (
				470FB2B22435CA57008CABC2 /* Preview Assets.xcassets */,
			);
			path = "Preview Content";
			sourceTree = "<group>";
		};
		470FB2BF2435CC04008CABC2 /* Frameworks */ = {
			isa = PBXGroup;
			children = (
				470FB2C22435CC09008CABC2 /* iAd.framework */,
				470FB2C02435CC04008CABC2 /* AdSupport.framework */,
			);
			name = Frameworks;
			sourceTree = "<group>";
		};
/* End PBXGroup section */

/* Begin PBXNativeTarget section */
		470FB2A52435CA56008CABC2 /* kite */ = {
			isa = PBXNativeTarget;
			buildConfigurationList = 470FB2BA2435CA57008CABC2 /* Build configuration list for PBXNativeTarget "kite" */;
			buildPhases = (
				470FB2A22435CA56008CABC2 /* Sources */,
				470FB2A32435CA56008CABC2 /* Frameworks */,
				470FB2A42435CA56008CABC2 /* Resources */,
			);
			buildRules = (
			);
			dependencies = (
			);
			name = kite;
			productName = kite;
			productReference = 470FB2A62435CA56008CABC2 /* kite.app */;
			productType = "com.apple.product-type.application";
		};
/* End PBXNativeTarget section */

/* Begin PBXProject section */
		470FB29E2435CA56008CABC2 /* Project object */ = {
			isa = PBXProject;
			attributes = {
				LastSwiftUpdateCheck = 1130;
				LastUpgradeCheck = 1130;
				ORGANIZATIONNAME = "Tú Đình";
				TargetAttributes = {
					470FB2A52435CA56008CABC2 = {
						CreatedOnToolsVersion = 11.3.1;
					};
				};
			};
			buildConfigurationList = 470FB2A12435CA56008CABC2 /* Build configuration list for PBXProject "kite" */;
			compatibilityVersion = "Xcode 9.3";
			developmentRegion = en;
			hasScannedForEncodings = 0;
			knownRegions = (
				en,
				Base,
			);
			mainGroup = 470FB29D2435CA56008CABC2;
			productRefGroup = 470FB2A72435CA56008CABC2 /* Products */;
			projectDirPath = "";
			projectRoot = "";
			targets = (
				470FB2A52435CA56008CABC2 /* kite */,
			);
		};
/* End PBXProject section */

/* Begin PBXResourcesBuildPhase section */
		470FB2A42435CA56008CABC2 /* Resources */ = {
			isa = PBXResourcesBuildPhase;
			buildActionMask = 2147483647;
			files = (
				470FB2B62435CA57008CABC2 /* LaunchScreen.storyboard in Resources */,
				470FB2B32435CA57008CABC2 /* Preview Assets.xcassets in Resources */,
				470FB2B02435CA57008CABC2 /* Assets.xcassets in Resources */,
			);
			runOnlyForDeploymentPostprocessing = 0;
		};
/* End PBXResourcesBuildPhase section */

/* Begin PBXSourcesBuildPhase section */
		470FB2A22435CA56008CABC2 /* Sources */ = {
			isa = PBXSourcesBuildPhase;
			buildActionMask = 2147483647;
			files = (
				47DF08522439DE4100E628CD /* AdCustomTracker.swift in Sources */,
				470FB2AA2435CA56008CABC2 /* AppDelegate.swift in Sources */,
				470FB2AC2435CA56008CABC2 /* SceneDelegate.swift in Sources */,
				470FB2AE2435CA56008CABC2 /* ContentView.swift in Sources */,
			);
			runOnlyForDeploymentPostprocessing = 0;
		};
/* End PBXSourcesBuildPhase section */

/* Begin PBXVariantGroup section */
		470FB2B42435CA57008CABC2 /* LaunchScreen.storyboard */ = {
			isa = PBXVariantGroup;
			children = (
				470FB2B52435CA57008CABC2 /* Base */,
			);
			name = LaunchScreen.storyboard;
			sourceTree = "<group>";
		};
/* End PBXVariantGroup section */

/* Begin XCBuildConfiguration section */
		470FB2B82435CA57008CABC2 /* Debug */ = {
			isa = XCBuildConfiguration;
			buildSettings = {
				ALWAYS_SEARCH_USER_PATHS = NO;
				CLANG_ANALYZER_NONNULL = YES;
				CLANG_ANALYZER_NUMBER_OBJECT_CONVERSION = YES_AGGRESSIVE;
				CLANG_CXX_LANGUAGE_STANDARD = "gnu++14";
				CLANG_CXX_LIBRARY = "libc++";
				CLANG_ENABLE_MODULES = YES;
				CLANG_ENABLE_OBJC_ARC = YES;
				CLANG_ENABLE_OBJC_WEAK = YES;
				CLANG_WARN_BLOCK_CAPTURE_AUTORELEASING = YES;
				CLANG_WARN_BOOL_CONVERSION = YES;
				CLANG_WARN_COMMA = YES;
				CLANG_WARN_CONSTANT_CONVERSION = YES;
				CLANG_WARN_DEPRECATED_OBJC_IMPLEMENTATIONS = YES;
				CLANG_WARN_DIRECT_OBJC_ISA_USAGE = YES_ERROR;
				CLANG_WARN_DOCUMENTATION_COMMENTS = YES;
				CLANG_WARN_EMPTY_BODY = YES;
				CLANG_WARN_ENUM_CONVERSION = YES;
				CLANG_WARN_INFINITE_RECURSION = YES;
				CLANG_WARN_INT_CONVERSION = YES;
				CLANG_WARN_NON_LITERAL_NULL_CONVERSION = YES;
				CLANG_WARN_OBJC_IMPLICIT_RETAIN_SELF = YES;
				CLANG_WARN_OBJC_LITERAL_CONVERSION = YES;
				CLANG_WARN_OBJC_ROOT_CLASS = YES_ERROR;
				CLANG_WARN_RANGE_LOOP_ANALYSIS = YES;
				CLANG_WARN_STRICT_PROTOTYPES = YES;
				CLANG_WARN_SUSPICIOUS_MOVE = YES;
				CLANG_WARN_UNGUARDED_AVAILABILITY = YES_AGGRESSIVE;
				CLANG_WARN_UNREACHABLE_CODE = YES;
				CLANG_WARN__DUPLICATE_METHOD_MATCH = YES;
				COPY_PHASE_STRIP = NO;
				DEBUG_INFORMATION_FORMAT = dwarf;
				ENABLE_STRICT_OBJC_MSGSEND = YES;
				ENABLE_TESTABILITY = YES;
				GCC_C_LANGUAGE_STANDARD = gnu11;
				GCC_DYNAMIC_NO_PIC = NO;
				GCC_NO_COMMON_BLOCKS = YES;
				GCC_OPTIMIZATION_LEVEL = 0;
				GCC_PREPROCESSOR_DEFINITIONS = (
					"DEBUG=1",
					"$(inherited)",
				);
				GCC_WARN_64_TO_32_BIT_CONVERSION = YES;
				GCC_WARN_ABOUT_RETURN_TYPE = YES_ERROR;
				GCC_WARN_UNDECLARED_SELECTOR = YES;
				GCC_WARN_UNINITIALIZED_AUTOS = YES_AGGRESSIVE;
				GCC_WARN_UNUSED_FUNCTION = YES;
				GCC_WARN_UNUSED_VARIABLE = YES;
				IPHONEOS_DEPLOYMENT_TARGET = 13.2;
				MTL_ENABLE_DEBUG_INFO = INCLUDE_SOURCE;
				MTL_FAST_MATH = YES;
				ONLY_ACTIVE_ARCH = YES;
				SDKROOT = iphoneos;
				SWIFT_ACTIVE_COMPILATION_CONDITIONS = DEBUG;
				SWIFT_OPTIMIZATION_LEVEL = "-Onone";
			};
			name = Debug;
		};
		470FB2B92435CA57008CABC2 /* Release */ = {
			isa = XCBuildConfiguration;
			buildSettings = {
				ALWAYS_SEARCH_USER_PATHS = NO;
				CLANG_ANALYZER_NONNULL = YES;
				CLANG_ANALYZER_NUMBER_OBJECT_CONVERSION = YES_AGGRESSIVE;
				CLANG_CXX_LANGUAGE_STANDARD = "gnu++14";
				CLANG_CXX_LIBRARY = "libc++";
				CLANG_ENABLE_MODULES = YES;
				CLANG_ENABLE_OBJC_ARC = YES;
				CLANG_ENABLE_OBJC_WEAK = YES;
				CLANG_WARN_BLOCK_CAPTURE_AUTORELEASING = YES;
				CLANG_WARN_BOOL_CONVERSION = YES;
				CLANG_WARN_COMMA = YES;
				CLANG_WARN_CONSTANT_CONVERSION = YES;
				CLANG_WARN_DEPRECATED_OBJC_IMPLEMENTATIONS = YES;
				CLANG_WARN_DIRECT_OBJC_ISA_USAGE = YES_ERROR;
				CLANG_WARN_DOCUMENTATION_COMMENTS = YES;
				CLANG_WARN_EMPTY_BODY = YES;
				CLANG_WARN_ENUM_CONVERSION = YES;
				CLANG_WARN_INFINITE_RECURSION = YES;
				CLANG_WARN_INT_CONVERSION = YES;
				CLANG_WARN_NON_LITERAL_NULL_CONVERSION = YES;
				CLANG_WARN_OBJC_IMPLICIT_RETAIN_SELF = YES;
				CLANG_WARN_OBJC_LITERAL_CONVERSION = YES;
				CLANG_WARN_OBJC_ROOT_CLASS = YES_ERROR;
				CLANG_WARN_RANGE_LOOP_ANALYSIS = YES;
				CLANG_WARN_STRICT_PROTOTYPES = YES;
				CLANG_WARN_SUSPICIOUS_MOVE = YES;
				CLANG_WARN_UNGUARDED_AVAILABILITY = YES_AGGRESSIVE;
				CLANG_WARN_UNREACHABLE_CODE = YES;
				CLANG_WARN__DUPLICATE_METHOD_MATCH = YES;
				COPY_PHASE_STRIP = NO;
				DEBUG_INFORMATION_FORMAT = "dwarf-with-dsym";
				ENABLE_NS_ASSERTIONS = NO;
				ENABLE_STRICT_OBJC_MSGSEND = YES;
				GCC_C_LANGUAGE_STANDARD = gnu11;
				GCC_NO_COMMON_BLOCKS = YES;
				GCC_WARN_64_TO_32_BIT_CONVERSION = YES;
				GCC_WARN_ABOUT_RETURN_TYPE = YES_ERROR;
				GCC_WARN_UNDECLARED_SELECTOR = YES;
				GCC_WARN_UNINITIALIZED_AUTOS = YES_AGGRESSIVE;
				GCC_WARN_UNUSED_FUNCTION = YES;
				GCC_WARN_UNUSED_VARIABLE = YES;
				IPHONEOS_DEPLOYMENT_TARGET = 13.2;
				MTL_ENABLE_DEBUG_INFO = NO;
				MTL_FAST_MATH = YES;
				SDKROOT = iphoneos;
				SWIFT_COMPILATION_MODE = wholemodule;
				SWIFT_OPTIMIZATION_LEVEL = "-O";
				VALIDATE_PRODUCT = YES;
			};
			name = Release;
		};
		470FB2BB2435CA57008CABC2 /* Debug */ = {
			isa = XCBuildConfiguration;
			buildSettings = {
				ASSETCATALOG_COMPILER_APPICON_NAME = AppIcon;
				CODE_SIGN_STYLE = Automatic;
				DEVELOPMENT_ASSET_PATHS = "\"kite/Preview Content\"";
				ENABLE_PREVIEWS = YES;
				FRAMEWORK_SEARCH_PATHS = (
					"$(inherited)",
					"$(PROJECT_DIR)",
				);
				INFOPLIST_FILE = kite/Info.plist;
				LD_RUNPATH_SEARCH_PATHS = (
					"$(inherited)",
					"@executable_path/Frameworks",
				);
				PRODUCT_BUNDLE_IDENTIFIER = appsflyer.kite;
				PRODUCT_NAME = "$(TARGET_NAME)";
				SWIFT_VERSION = 5.0;
				TARGETED_DEVICE_FAMILY = "1,2";
			};
			name = Debug;
		};
		470FB2BC2435CA57008CABC2 /* Release */ = {
			isa = XCBuildConfiguration;
			buildSettings = {
				ASSETCATALOG_COMPILER_APPICON_NAME = AppIcon;
				CODE_SIGN_STYLE = Automatic;
				DEVELOPMENT_ASSET_PATHS = "\"kite/Preview Content\"";
				ENABLE_PREVIEWS = YES;
				FRAMEWORK_SEARCH_PATHS = (
					"$(inherited)",
					"$(PROJECT_DIR)",
				);
				INFOPLIST_FILE = kite/Info.plist;
				LD_RUNPATH_SEARCH_PATHS = (
					"$(inherited)",
					"@executable_path/Frameworks",
				);
				PRODUCT_BUNDLE_IDENTIFIER = appsflyer.kite;
				PRODUCT_NAME = "$(TARGET_NAME)";
				SWIFT_VERSION = 5.0;
				TARGETED_DEVICE_FAMILY = "1,2";
			};
			name = Release;
		};
/* End XCBuildConfiguration section */

/* Begin XCConfigurationList section */
		470FB2A12435CA56008CABC2 /* Build configuration list for PBXProject "kite" */ = {
			isa = XCConfigurationList;
			buildConfigurations = (
				470FB2B82435CA57008CABC2 /* Debug */,
				470FB2B92435CA57008CABC2 /* Release */,
			);
			defaultConfigurationIsVisible = 0;
			defaultConfigurationName = Release;
		};
		470FB2BA2435CA57008CABC2 /* Build configuration list for PBXNativeTarget "kite" */ = {
			isa = XCConfigurationList;
			buildConfigurations = (
				470FB2BB2435CA57008CABC2 /* Debug */,
				470FB2BC2435CA57008CABC2 /* Release */,
			);
			defaultConfigurationIsVisible = 0;
			defaultConfigurationName = Release;
		};
/* End XCConfigurationList section */
	};
	rootObject = 470FB29E2435CA56008CABC2 /* Project object */;
}
